
Microsoft Visual Studio Solution File, Format Version 12.00
# Visual Studio Version 16
VisualStudioVersion = 16.0.30907.101
MinimumVisualStudioVersion = 10.0.40219.1
Project("{FAE04EC0-301F-11D3-BF4B-00C04F79EFBC}") = "SwitchCase", "SwitchCase\SwitchCase.csproj", "{1C462FE8-C6B4-4A15-A75D-75A5D9B67CFF}"
EndProject
Global
	GlobalSection(SolutionConfigurationPlatforms) = preSolution
		Debug|Any CPU = Debug|Any CPU
		Release|Any CPU = Release|Any CPU
	EndGlobalSection
	GlobalSection(ProjectConfigurationPlatforms) = postSolution
		{1C462FE8-C6B4-4A15-A75D-75A5D9B67CFF}.Debug|Any CPU.ActiveCfg = Debug|Any CPU
		{1C462FE8-C6B4-4A15-A75D-75A5D9B67CFF}.Debug|Any CPU.Build.0 = Debug|Any CPU
		{1C462FE8-C6B4-4A15-A75D-75A5D9B67CFF}.Release|Any CPU.ActiveCfg = Release|Any CPU
		{1C462FE8-C6B4-4A15-A75D-75A5D9B67CFF}.Release|Any CPU.Build.0 = Release|Any CPU
	EndGlobalSection
	GlobalSection(SolutionProperties) = preSolution
		HideSolutionNode = FALSE
	EndGlobalSection
	GlobalSection(ExtensibilityGlobals) = postSolution
		SolutionGuid = {BA8E924D-5248-4E53-840E-34BAE22B4DD8}
	EndGlobalSection
EndGlobal
